
Microsoft Visual Studio Solution File, Format Version 12.00
# Visual Studio Version 17
VisualStudioVersion = 17.13.35931.197 d17.13
MinimumVisualStudioVersion = 10.0.40219.1
Project("{FAE04EC0-301F-11D3-BF4B-00C04F79EFBC}") = "Survey", "Survey\Survey.csproj", "{6B8CF1A7-C10D-4C5B-BA36-8A45D33CD94B}"
EndProject
Global
	GlobalSection(SolutionConfigurationPlatforms) = preSolution
		Debug|Any CPU = Debug|Any CPU
		Release|Any CPU = Release|Any CPU
	EndGlobalSection
	GlobalSection(ProjectConfigurationPlatforms) = postSolution
		{6B8CF1A7-C10D-4C5B-BA36-8A45D33CD94B}.Debug|Any CPU.ActiveCfg = Debug|Any CPU
		{6B8CF1A7-C10D-4C5B-BA36-8A45D33CD94B}.Debug|Any CPU.Build.0 = Debug|Any CPU
		{6B8CF1A7-C10D-4C5B-BA36-8A45D33CD94B}.Release|Any CPU.ActiveCfg = Release|Any CPU
		{6B8CF1A7-C10D-4C5B-BA36-8A45D33CD94B}.Release|Any CPU.Build.0 = Release|Any CPU
	EndGlobalSection
	GlobalSection(SolutionProperties) = preSolution
		HideSolutionNode = FALSE
	EndGlobalSection
	GlobalSection(ExtensibilityGlobals) = postSolution
		SolutionGuid = {DF7DEE02-6921-43E5-A68A-CA1961BA9344}
	EndGlobalSection
EndGlobal
